{
  "version": 4,
  "terraform_version": "1.10.0",
  "serial": 45,
  "lineage": "e890506d-e034-8440-4631-fd620146f62f",
  "outputs": {},
  "resources": [
    {
      "mode": "managed",
      "type": "docker_container",
      "name": "jenkins_docker",
      "provider": "provider[\"registry.terraform.io/kreuzwerker/docker\"]",
      "instances": [
        {
          "schema_version": 2,
          "attributes": {
            "attach": false,
            "bridge": "",
            "capabilities": [],
            "cgroupns_mode": null,
            "command": [
              "--storage-driver",
              "overlay2"
            ],
            "container_logs": null,
            "container_read_refresh_timeout_milliseconds": 15000,
            "cpu_set": "",
            "cpu_shares": 0,
            "destroy_grace_seconds": null,
            "devices": [],
            "dns": null,
            "dns_opts": null,
            "dns_search": null,
            "domainname": "",
            "entrypoint": [
              "dockerd-entrypoint.sh"
            ],
            "env": [
              "DOCKER_TLS_CERTDIR=/certs"
            ],
            "exit_code": null,
            "gpus": null,
            "group_add": null,
            "healthcheck": null,
            "host": [],
            "hostname": "7b03238616d8",
            "id": "7b03238616d866af002e32f320a11bee87b4f36bab648cc318e440eec3030295",
            "image": "sha256:6ca9a6811085e2cf769cbac04bc47daf66629102990391caab7cf37426e939da",
            "init": false,
            "ipc_mode": "private",
            "labels": [],
            "log_driver": "json-file",
            "log_opts": null,
            "logs": false,
            "max_retry_count": 0,
            "memory": 0,
            "memory_swap": 0,
            "mounts": [],
            "must_run": true,
            "name": "jenkins-docker",
            "network_data": [
              {
                "gateway": "172.18.0.1",
                "global_ipv6_address": "",
                "global_ipv6_prefix_length": 0,
                "ip_address": "172.18.0.2",
                "ip_prefix_length": 16,
                "ipv6_gateway": "",
                "mac_address": "02:42:ac:12:00:02",
                "network_name": "jenkins-network"
              }
            ],
            "network_mode": "bridge",
            "networks_advanced": [
              {
                "aliases": [
                  "docker"
                ],
                "ipv4_address": "",
                "ipv6_address": "",
                "name": "jenkins-network"
              }
            ],
            "pid_mode": "",
            "ports": [
              {
                "external": 2376,
                "internal": 2376,
                "ip": "0.0.0.0",
                "protocol": "tcp"
              },
              {
                "external": 3000,
                "internal": 3000,
                "ip": "0.0.0.0",
                "protocol": "tcp"
              },
              {
                "external": 5000,
                "internal": 5000,
                "ip": "0.0.0.0",
                "protocol": "tcp"
              }
            ],
            "privileged": true,
            "publish_all_ports": false,
            "read_only": false,
            "remove_volumes": true,
            "restart": "unless-stopped",
            "rm": false,
            "runtime": "runc",
            "security_opts": [
              "label=disable"
            ],
            "shm_size": 64,
            "start": true,
            "stdin_open": false,
            "stop_signal": "",
            "stop_timeout": 0,
            "storage_opts": null,
            "sysctls": null,
            "tmpfs": null,
            "tty": false,
            "ulimit": [],
            "upload": [],
            "user": "",
            "userns_mode": "",
            "volumes": [
              {
                "container_path": "/certs/client",
                "from_container": "",
                "host_path": "",
                "read_only": null,
                "volume_name": "jenkins-docker-certs"
              },
              {
                "container_path": "/var/jenkins_home",
                "from_container": "",
                "host_path": "",
                "read_only": null,
                "volume_name": "jenkins-data"
              }
            ],
            "wait": false,
            "wait_timeout": 60,
            "working_dir": "/"
          },
          "sensitive_attributes": [],
          "private": "eyJzY2hlbWFfdmVyc2lvbiI6IjIifQ==",
          "dependencies": [
            "docker_network.jenkins",
            "docker_volume.jenkins_certs",
            "docker_volume.jenkins_data"
          ]
        }
      ]
    },
    {
      "mode": "managed",
      "type": "docker_network",
      "name": "jenkins",
      "provider": "provider[\"registry.terraform.io/kreuzwerker/docker\"]",
      "instances": [
        {
          "schema_version": 1,
          "attributes": {
            "attachable": false,
            "check_duplicate": null,
            "driver": "bridge",
            "id": "18db8acfb4046f852fdbb2d0ac5c23f1f9dea534ab41a709d8ca1e7b0c40a760",
            "ingress": false,
            "internal": false,
            "ipam_config": [
              {
                "aux_address": {},
                "gateway": "172.18.0.1",
                "ip_range": "",
                "subnet": "172.18.0.0/16"
              }
            ],
            "ipam_driver": "default",
            "ipam_options": null,
            "ipv6": false,
            "labels": [],
            "name": "jenkins-network",
            "options": {},
            "scope": "local"
          },
          "sensitive_attributes": [],
          "private": "eyJzY2hlbWFfdmVyc2lvbiI6IjEifQ=="
        }
      ]
    },
    {
      "mode": "managed",
      "type": "docker_volume",
      "name": "jenkins_certs",
      "provider": "provider[\"registry.terraform.io/kreuzwerker/docker\"]",
      "instances": [
        {
          "schema_version": 1,
          "attributes": {
            "driver": "local",
            "driver_opts": {},
            "id": "jenkins-docker-certs",
            "labels": [],
            "mountpoint": "/var/lib/docker/volumes/jenkins-docker-certs/_data",
            "name": "jenkins-docker-certs"
          },
          "sensitive_attributes": [],
          "private": "eyJzY2hlbWFfdmVyc2lvbiI6IjEifQ=="
        }
      ]
    },
    {
      "mode": "managed",
      "type": "docker_volume",
      "name": "jenkins_data",
      "provider": "provider[\"registry.terraform.io/kreuzwerker/docker\"]",
      "instances": [
        {
          "schema_version": 1,
          "attributes": {
            "driver": "local",
            "driver_opts": {},
            "id": "jenkins-data",
            "labels": [],
            "mountpoint": "/var/lib/docker/volumes/jenkins-data/_data",
            "name": "jenkins-data"
          },
          "sensitive_attributes": [],
          "private": "eyJzY2hlbWFfdmVyc2lvbiI6IjEifQ=="
        }
      ]
    }
  ],
  "check_results": null
}
